
Microsoft Visual Studio Solution File, Format Version 11.00
# Visual C# Express 2010
Project("{FAE04EC0-301F-11D3-BF4B-00C04F79EFBC}") = "RectangulosYCirculos", "RectangulosYCirculos\RectangulosYCirculos.csproj", "{A503C584-F498-4281-9AB6-F1242370BECE}"
EndProject
Global
	GlobalSection(SolutionConfigurationPlatforms) = preSolution
		Debug|x86 = Debug|x86
		Release|x86 = Release|x86
	EndGlobalSection
	GlobalSection(ProjectConfigurationPlatforms) = postSolution
		{A503C584-F498-4281-9AB6-F1242370BECE}.Debug|x86.ActiveCfg = Debug|x86
		{A503C584-F498-4281-9AB6-F1242370BECE}.Debug|x86.Build.0 = Debug|x86
		{A503C584-F498-4281-9AB6-F1242370BECE}.Release|x86.ActiveCfg = Release|x86
		{A503C584-F498-4281-9AB6-F1242370BECE}.Release|x86.Build.0 = Release|x86
	EndGlobalSection
	GlobalSection(SolutionProperties) = preSolution
		HideSolutionNode = FALSE
	EndGlobalSection
EndGlobal
